
Microsoft Visual Studio Solution File, Format Version 12.00
# Visual Studio Version 17
VisualStudioVersion = 17.11.35222.181
MinimumVisualStudioVersion = 10.0.40219.1
Project("{FAE04EC0-301F-11D3-BF4B-00C04F79EFBC}") = "Ejercicio1", "Ejercicio1\Ejercicio1.csproj", "{211EE207-1AB9-4FA4-8308-A2EDD1EA664A}"
EndProject
Global
	GlobalSection(SolutionConfigurationPlatforms) = preSolution
		Debug|Any CPU = Debug|Any CPU
		Release|Any CPU = Release|Any CPU
	EndGlobalSection
	GlobalSection(ProjectConfigurationPlatforms) = postSolution
		{211EE207-1AB9-4FA4-8308-A2EDD1EA664A}.Debug|Any CPU.ActiveCfg = Debug|Any CPU
		{211EE207-1AB9-4FA4-8308-A2EDD1EA664A}.Debug|Any CPU.Build.0 = Debug|Any CPU
		{211EE207-1AB9-4FA4-8308-A2EDD1EA664A}.Release|Any CPU.ActiveCfg = Release|Any CPU
		{211EE207-1AB9-4FA4-8308-A2EDD1EA664A}.Release|Any CPU.Build.0 = Release|Any CPU
	EndGlobalSection
	GlobalSection(SolutionProperties) = preSolution
		HideSolutionNode = FALSE
	EndGlobalSection
	GlobalSection(ExtensibilityGlobals) = postSolution
		SolutionGuid = {FA70D12F-F396-4B3A-907B-4EFA9D3DF37C}
	EndGlobalSection
EndGlobal
