
Microsoft Visual Studio Solution File, Format Version 12.00
# Visual Studio Version 17
VisualStudioVersion = 17.10.35027.167
MinimumVisualStudioVersion = 10.0.40219.1
Project("{FAE04EC0-301F-11D3-BF4B-00C04F79EFBC}") = "NumeroParimpar", "NumeroParimpar\NumeroParimpar.csproj", "{EBDEF3A6-4D29-4BE2-815C-BED8FB0B4B50}"
EndProject
Global
	GlobalSection(SolutionConfigurationPlatforms) = preSolution
		Debug|Any CPU = Debug|Any CPU
		Release|Any CPU = Release|Any CPU
	EndGlobalSection
	GlobalSection(ProjectConfigurationPlatforms) = postSolution
		{EBDEF3A6-4D29-4BE2-815C-BED8FB0B4B50}.Debug|Any CPU.ActiveCfg = Debug|Any CPU
		{EBDEF3A6-4D29-4BE2-815C-BED8FB0B4B50}.Debug|Any CPU.Build.0 = Debug|Any CPU
		{EBDEF3A6-4D29-4BE2-815C-BED8FB0B4B50}.Release|Any CPU.ActiveCfg = Release|Any CPU
		{EBDEF3A6-4D29-4BE2-815C-BED8FB0B4B50}.Release|Any CPU.Build.0 = Release|Any CPU
	EndGlobalSection
	GlobalSection(SolutionProperties) = preSolution
		HideSolutionNode = FALSE
	EndGlobalSection
	GlobalSection(ExtensibilityGlobals) = postSolution
		SolutionGuid = {1416E5A1-606E-449A-98C1-3CC214049B8E}
	EndGlobalSection
EndGlobal
