
Microsoft Visual Studio Solution File, Format Version 12.00
# Visual Studio Version 17
VisualStudioVersion = 17.10.35027.167
MinimumVisualStudioVersion = 10.0.40219.1
Project("{FAE04EC0-301F-11D3-BF4B-00C04F79EFBC}") = "Sesion2", "Sesion2\Sesion2.csproj", "{26F25F91-BD82-4D4A-9531-C03EA625F7D9}"
EndProject
Global
	GlobalSection(SolutionConfigurationPlatforms) = preSolution
		Debug|Any CPU = Debug|Any CPU
		Release|Any CPU = Release|Any CPU
	EndGlobalSection
	GlobalSection(ProjectConfigurationPlatforms) = postSolution
		{26F25F91-BD82-4D4A-9531-C03EA625F7D9}.Debug|Any CPU.ActiveCfg = Debug|Any CPU
		{26F25F91-BD82-4D4A-9531-C03EA625F7D9}.Debug|Any CPU.Build.0 = Debug|Any CPU
		{26F25F91-BD82-4D4A-9531-C03EA625F7D9}.Release|Any CPU.ActiveCfg = Release|Any CPU
		{26F25F91-BD82-4D4A-9531-C03EA625F7D9}.Release|Any CPU.Build.0 = Release|Any CPU
	EndGlobalSection
	GlobalSection(SolutionProperties) = preSolution
		HideSolutionNode = FALSE
	EndGlobalSection
	GlobalSection(ExtensibilityGlobals) = postSolution
		SolutionGuid = {FC30C915-92BA-471F-A719-3D7DCBBF7AD4}
	EndGlobalSection
EndGlobal
