
Microsoft Visual Studio Solution File, Format Version 12.00
# Visual Studio Version 17
VisualStudioVersion = 17.10.35027.167
MinimumVisualStudioVersion = 10.0.40219.1
Project("{FAE04EC0-301F-11D3-BF4B-00C04F79EFBC}") = "AreaCirculo", "AreaCirculo\AreaCirculo.csproj", "{2017CE20-263A-41B5-BA25-A3A403021989}"
EndProject
Global
	GlobalSection(SolutionConfigurationPlatforms) = preSolution
		Debug|Any CPU = Debug|Any CPU
		Release|Any CPU = Release|Any CPU
	EndGlobalSection
	GlobalSection(ProjectConfigurationPlatforms) = postSolution
		{2017CE20-263A-41B5-BA25-A3A403021989}.Debug|Any CPU.ActiveCfg = Debug|Any CPU
		{2017CE20-263A-41B5-BA25-A3A403021989}.Debug|Any CPU.Build.0 = Debug|Any CPU
		{2017CE20-263A-41B5-BA25-A3A403021989}.Release|Any CPU.ActiveCfg = Release|Any CPU
		{2017CE20-263A-41B5-BA25-A3A403021989}.Release|Any CPU.Build.0 = Release|Any CPU
	EndGlobalSection
	GlobalSection(SolutionProperties) = preSolution
		HideSolutionNode = FALSE
	EndGlobalSection
	GlobalSection(ExtensibilityGlobals) = postSolution
		SolutionGuid = {DCBCB7E1-5E5A-4C84-8BA9-1FB81967466F}
	EndGlobalSection
EndGlobal
